{
  "name": "fyle",
  "lockfileVersion": 2,
  "requires": true,
  "packages": {
    "": {
      "dependencies": {
        "angular": "^1.6.10",
        "angular-route": "^1.8.2",
        "ng-table": "^3.0.1"
      }
    },
    "node_modules/@types/angular": {
      "version": "1.8.4",
      "resolved": "https://registry.npmjs.org/@types/angular/-/angular-1.8.4.tgz",
      "integrity": "sha512-wPS/ncJWhyxJsndsW1B6Ta8D4mi97x1yItSu+rkLDytU3oRIh2CFAjMuJceYwFAh9+DIohndWM0QBA9OU2Hv0g=="
    },
    "node_modules/angular": {
      "version": "1.6.10",
      "resolved": "https://registry.npmjs.org/angular/-/angular-1.6.10.tgz",
      "integrity": "sha512-PCZ5/hVdvPQiYyH0VwsPjrErPHRcITnaXxhksceOXgtJeesKHLA7KDu4X/yvcAi+1zdGgGF+9pDxkJvghXI9Wg==",
      "deprecated": "For the actively supported Angular, see https://www.npmjs.com/package/@angular/core. AngularJS support has officially ended. For extended AngularJS support options, see https://goo.gle/angularjs-path-forward."
    },
    "node_modules/angular-route": {
      "version": "1.8.2",
      "resolved": "https://registry.npmjs.org/angular-route/-/angular-route-1.8.2.tgz",
      "integrity": "sha512-49LJYxuaQ/ZDiu9dD2xo1LkazqObkGjw0a7dUF7UKCT8EELgBsMd6QrI6aEVGtI62ppkiFkxqmiV8fcwYdXpug==",
      "deprecated": "For the actively supported Angular, see https://www.npmjs.com/package/@angular/core. AngularJS support has officially ended. For extended AngularJS support options, see https://goo.gle/angularjs-path-forward."
    },
    "node_modules/ng-table": {
      "version": "3.0.1",
      "resolved": "https://registry.npmjs.org/ng-table/-/ng-table-3.0.1.tgz",
      "integrity": "sha512-Xmk9D1ACIQtyfXIQ2PBGzDrYqBpvjLCdaZK5jBFuOqVROC87D+2ugyMHQcvXaKS1WgpV6TzfScWcZ4Y/TkCyng==",
      "dependencies": {
        "@types/angular": "^1.5.13"
      },
      "peerDependencies": {
        "angular": "^1.2"
      }
    }
  },
  "dependencies": {
    "@types/angular": {
      "version": "1.8.4",
      "resolved": "https://registry.npmjs.org/@types/angular/-/angular-1.8.4.tgz",
      "integrity": "sha512-wPS/ncJWhyxJsndsW1B6Ta8D4mi97x1yItSu+rkLDytU3oRIh2CFAjMuJceYwFAh9+DIohndWM0QBA9OU2Hv0g=="
    },
    "angular": {
      "version": "1.6.10",
      "resolved": "https://registry.npmjs.org/angular/-/angular-1.6.10.tgz",
      "integrity": "sha512-PCZ5/hVdvPQiYyH0VwsPjrErPHRcITnaXxhksceOXgtJeesKHLA7KDu4X/yvcAi+1zdGgGF+9pDxkJvghXI9Wg=="
    },
    "angular-route": {
      "version": "1.8.2",
      "resolved": "https://registry.npmjs.org/angular-route/-/angular-route-1.8.2.tgz",
      "integrity": "sha512-49LJYxuaQ/ZDiu9dD2xo1LkazqObkGjw0a7dUF7UKCT8EELgBsMd6QrI6aEVGtI62ppkiFkxqmiV8fcwYdXpug=="
    },
    "ng-table": {
      "version": "3.0.1",
      "resolved": "https://registry.npmjs.org/ng-table/-/ng-table-3.0.1.tgz",
      "integrity": "sha512-Xmk9D1ACIQtyfXIQ2PBGzDrYqBpvjLCdaZK5jBFuOqVROC87D+2ugyMHQcvXaKS1WgpV6TzfScWcZ4Y/TkCyng==",
      "requires": {
        "@types/angular": "^1.5.13"
      }
    }
  }
}
